// !$*UTF8*$!
{
	archiveVersion = 1;
	classes = {
	};
	objectVersion = 46;
	objects = {

/* Begin PBXBuildFile section */
		10022ED818F8F40B00046F0B /* Foundation.framework in Frameworks */ = {isa = PBXBuildFile; fileRef = 10022ED718F8F40B00046F0B /* Foundation.framework */; };
		10022EDA18F8F40B00046F0B /* CoreGraphics.framework in Frameworks */ = {isa = PBXBuildFile; fileRef = 10022ED918F8F40B00046F0B /* CoreGraphics.framework */; };
		10022EDC18F8F40B00046F0B /* UIKit.framework in Frameworks */ = {isa = PBXBuildFile; fileRef = 10022EDB18F8F40B00046F0B /* UIKit.framework */; };
		10022EE218F8F40B00046F0B /* InfoPlist.strings in Resources */ = {isa = PBXBuildFile; fileRef = 10022EE018F8F40B00046F0B /* InfoPlist.strings */; };
		10022EE418F8F40B00046F0B /* main.m in Sources */ = {isa = PBXBuildFile; fileRef = 10022EE318F8F40B00046F0B /* main.m */; };
		10022EE818F8F40B00046F0B /* RCCAppDelegate.m in Sources */ = {isa = PBXBuildFile; fileRef = 10022EE718F8F40B00046F0B /* RCCAppDelegate.m */; };
		10022EEB18F8F40B00046F0B /* Main.storyboard in Resources */ = {isa = PBXBuildFile; fileRef = 10022EE918F8F40B00046F0B /* Main.storyboard */; };
		10022EEE18F8F40B00046F0B /* RCCMapViewController.m in Sources */ = {isa = PBXBuildFile; fileRef = 10022EED18F8F40B00046F0B /* RCCMapViewController.m */; };
		10022EF118F8F40B00046F0B /* RCCSecondViewController.m in Sources */ = {isa = PBXBuildFile; fileRef = 10022EF018F8F40B00046F0B /* RCCSecondViewController.m */; };
		10022EF318F8F40B00046F0B /* Images.xcassets in Resources */ = {isa = PBXBuildFile; fileRef = 10022EF218F8F40B00046F0B /* Images.xcassets */; };
		10022EFA18F8F40C00046F0B /* XCTest.framework in Frameworks */ = {isa = PBXBuildFile; fileRef = 10022EF918F8F40C00046F0B /* XCTest.framework */; };
		10022EFB18F8F40C00046F0B /* Foundation.framework in Frameworks */ = {isa = PBXBuildFile; fileRef = 10022ED718F8F40B00046F0B /* Foundation.framework */; };
		10022EFC18F8F40C00046F0B /* UIKit.framework in Frameworks */ = {isa = PBXBuildFile; fileRef = 10022EDB18F8F40B00046F0B /* UIKit.framework */; };
		10022F0418F8F40C00046F0B /* InfoPlist.strings in Resources */ = {isa = PBXBuildFile; fileRef = 10022F0218F8F40C00046F0B /* InfoPlist.strings */; };
		10022F0618F8F40C00046F0B /* ReclaimPhillyTests.m in Sources */ = {isa = PBXBuildFile; fileRef = 10022F0518F8F40C00046F0B /* ReclaimPhillyTests.m */; };
		10022F1018F8F67D00046F0B /* AVFoundation.framework in Frameworks */ = {isa = PBXBuildFile; fileRef = 10022F0F18F8F67D00046F0B /* AVFoundation.framework */; };
		10022F1218F8F68500046F0B /* CoreData.framework in Frameworks */ = {isa = PBXBuildFile; fileRef = 10022F1118F8F68500046F0B /* CoreData.framework */; };
		10022F1418F8F68C00046F0B /* CoreLocation.framework in Frameworks */ = {isa = PBXBuildFile; fileRef = 10022F1318F8F68C00046F0B /* CoreLocation.framework */; };
		10022F1618F8F69200046F0B /* CoreText.framework in Frameworks */ = {isa = PBXBuildFile; fileRef = 10022F1518F8F69200046F0B /* CoreText.framework */; };
		10022F1818F8F69900046F0B /* GLKit.framework in Frameworks */ = {isa = PBXBuildFile; fileRef = 10022F1718F8F69900046F0B /* GLKit.framework */; };
		10022F1A18F8F6A000046F0B /* ImageIO.framework in Frameworks */ = {isa = PBXBuildFile; fileRef = 10022F1918F8F6A000046F0B /* ImageIO.framework */; };
		10022F1C18F8F6AC00046F0B /* libc++.dylib in Frameworks */ = {isa = PBXBuildFile; fileRef = 10022F1B18F8F6AC00046F0B /* libc++.dylib */; };
		10022F1E18F8F6B200046F0B /* libicucore.dylib in Frameworks */ = {isa = PBXBuildFile; fileRef = 10022F1D18F8F6B200046F0B /* libicucore.dylib */; };
		10022F2018F8F6B900046F0B /* libz.dylib in Frameworks */ = {isa = PBXBuildFile; fileRef = 10022F1F18F8F6B900046F0B /* libz.dylib */; };
		10022F2218F8F6C000046F0B /* OpenGLES.framework in Frameworks */ = {isa = PBXBuildFile; fileRef = 10022F2118F8F6C000046F0B /* OpenGLES.framework */; };
		10022F2418F8F6C800046F0B /* QuartzCore.framework in Frameworks */ = {isa = PBXBuildFile; fileRef = 10022F2318F8F6C800046F0B /* QuartzCore.framework */; };
		10022F2618F8F6D200046F0B /* SystemConfiguration.framework in Frameworks */ = {isa = PBXBuildFile; fileRef = 10022F2518F8F6D200046F0B /* SystemConfiguration.framework */; };
		10022F2818F8F71B00046F0B /* Podfile in Resources */ = {isa = PBXBuildFile; fileRef = 10022F2718F8F71B00046F0B /* Podfile */; };
		10022F2A18F8F7C000046F0B /* GoogleMaps.framework in Frameworks */ = {isa = PBXBuildFile; fileRef = 10022F2918F8F7C000046F0B /* GoogleMaps.framework */; };
		10022F2C18F8F7CF00046F0B /* GoogleMaps.bundle in Resources */ = {isa = PBXBuildFile; fileRef = 10022F2B18F8F7CF00046F0B /* GoogleMaps.bundle */; };
		10022F2E18F8F90500046F0B /* RCCConstants.h in Resources */ = {isa = PBXBuildFile; fileRef = 10022F2D18F8F90500046F0B /* RCCConstants.h */; };
		10022F3018F8F92800046F0B /* RCCConstants.m in Sources */ = {isa = PBXBuildFile; fileRef = 10022F2F18F8F92800046F0B /* RCCConstants.m */; };
		10022F3318F8FDFC00046F0B /* RCCProperty.m in Sources */ = {isa = PBXBuildFile; fileRef = 10022F3218F8FDFC00046F0B /* RCCProperty.m */; };
		10022F3618F8FE9800046F0B /* NSDate+ReclaimCities.m in Sources */ = {isa = PBXBuildFile; fileRef = 10022F3518F8FE9800046F0B /* NSDate+ReclaimCities.m */; };
		61010574EC0B4726B1C2224E /* libPods.a in Frameworks */ = {isa = PBXBuildFile; fileRef = 1FEE887749DC44D1B4393253 /* libPods.a */; };
/* End PBXBuildFile section */

/* Begin PBXContainerItemProxy section */
		10022EFD18F8F40C00046F0B /* PBXContainerItemProxy */ = {
			isa = PBXContainerItemProxy;
			containerPortal = 10022ECC18F8F40B00046F0B /* Project object */;
			proxyType = 1;
			remoteGlobalIDString = 10022ED318F8F40B00046F0B;
			remoteInfo = ReclaimPhilly;
		};
/* End PBXContainerItemProxy section */

/* Begin PBXFileReference section */
		10022ED418F8F40B00046F0B /* ReclaimPhilly.app */ = {isa = PBXFileReference; explicitFileType = wrapper.application; includeInIndex = 0; path = ReclaimPhilly.app; sourceTree = BUILT_PRODUCTS_DIR; };
		10022ED718F8F40B00046F0B /* Foundation.framework */ = {isa = PBXFileReference; lastKnownFileType = wrapper.framework; name = Foundation.framework; path = System/Library/Frameworks/Foundation.framework; sourceTree = SDKROOT; };
		10022ED918F8F40B00046F0B /* CoreGraphics.framework */ = {isa = PBXFileReference; lastKnownFileType = wrapper.framework; name = CoreGraphics.framework; path = System/Library/Frameworks/CoreGraphics.framework; sourceTree = SDKROOT; };
		10022EDB18F8F40B00046F0B /* UIKit.framework */ = {isa = PBXFileReference; lastKnownFileType = wrapper.framework; name = UIKit.framework; path = System/Library/Frameworks/UIKit.framework; sourceTree = SDKROOT; };
		10022EDF18F8F40B00046F0B /* ReclaimPhilly-Info.plist */ = {isa = PBXFileReference; lastKnownFileType = text.plist.xml; path = "ReclaimPhilly-Info.plist"; sourceTree = "<group>"; };
		10022EE118F8F40B00046F0B /* en */ = {isa = PBXFileReference; lastKnownFileType = text.plist.strings; name = en; path = en.lproj/InfoPlist.strings; sourceTree = "<group>"; };
		10022EE318F8F40B00046F0B /* main.m */ = {isa = PBXFileReference; lastKnownFileType = sourcecode.c.objc; path = main.m; sourceTree = "<group>"; };
		10022EE518F8F40B00046F0B /* ReclaimPhilly-Prefix.pch */ = {isa = PBXFileReference; lastKnownFileType = sourcecode.c.h; path = "ReclaimPhilly-Prefix.pch"; sourceTree = "<group>"; };
		10022EE618F8F40B00046F0B /* RCCAppDelegate.h */ = {isa = PBXFileReference; lastKnownFileType = sourcecode.c.h; path = RCCAppDelegate.h; sourceTree = "<group>"; };
		10022EE718F8F40B00046F0B /* RCCAppDelegate.m */ = {isa = PBXFileReference; lastKnownFileType = sourcecode.c.objc; path = RCCAppDelegate.m; sourceTree = "<group>"; };
		10022EEA18F8F40B00046F0B /* Base */ = {isa = PBXFileReference; lastKnownFileType = file.storyboard; name = Base; path = Base.lproj/Main.storyboard; sourceTree = "<group>"; };
		10022EEC18F8F40B00046F0B /* RCCMapViewController.h */ = {isa = PBXFileReference; lastKnownFileType = sourcecode.c.h; path = RCCMapViewController.h; sourceTree = "<group>"; };
		10022EED18F8F40B00046F0B /* RCCMapViewController.m */ = {isa = PBXFileReference; lastKnownFileType = sourcecode.c.objc; path = RCCMapViewController.m; sourceTree = "<group>"; };
		10022EEF18F8F40B00046F0B /* RCCSecondViewController.h */ = {isa = PBXFileReference; lastKnownFileType = sourcecode.c.h; path = RCCSecondViewController.h; sourceTree = "<group>"; };
		10022EF018F8F40B00046F0B /* RCCSecondViewController.m */ = {isa = PBXFileReference; lastKnownFileType = sourcecode.c.objc; path = RCCSecondViewController.m; sourceTree = "<group>"; };
		10022EF218F8F40B00046F0B /* Images.xcassets */ = {isa = PBXFileReference; lastKnownFileType = folder.assetcatalog; path = Images.xcassets; sourceTree = "<group>"; };
		10022EF818F8F40C00046F0B /* ReclaimPhillyTests.xctest */ = {isa = PBXFileReference; explicitFileType = wrapper.cfbundle; includeInIndex = 0; path = ReclaimPhillyTests.xctest; sourceTree = BUILT_PRODUCTS_DIR; };
		10022EF918F8F40C00046F0B /* XCTest.framework */ = {isa = PBXFileReference; lastKnownFileType = wrapper.framework; name = XCTest.framework; path = Library/Frameworks/XCTest.framework; sourceTree = DEVELOPER_DIR; };
		10022F0118F8F40C00046F0B /* ReclaimPhillyTests-Info.plist */ = {isa = PBXFileReference; lastKnownFileType = text.plist.xml; path = "ReclaimPhillyTests-Info.plist"; sourceTree = "<group>"; };
		10022F0318F8F40C00046F0B /* en */ = {isa = PBXFileReference; lastKnownFileType = text.plist.strings; name = en; path = en.lproj/InfoPlist.strings; sourceTree = "<group>"; };
		10022F0518F8F40C00046F0B /* ReclaimPhillyTests.m */ = {isa = PBXFileReference; lastKnownFileType = sourcecode.c.objc; path = ReclaimPhillyTests.m; sourceTree = "<group>"; };
		10022F0F18F8F67D00046F0B /* AVFoundation.framework */ = {isa = PBXFileReference; lastKnownFileType = wrapper.framework; name = AVFoundation.framework; path = System/Library/Frameworks/AVFoundation.framework; sourceTree = SDKROOT; };
		10022F1118F8F68500046F0B /* CoreData.framework */ = {isa = PBXFileReference; lastKnownFileType = wrapper.framework; name = CoreData.framework; path = System/Library/Frameworks/CoreData.framework; sourceTree = SDKROOT; };
		10022F1318F8F68C00046F0B /* CoreLocation.framework */ = {isa = PBXFileReference; lastKnownFileType = wrapper.framework; name = CoreLocation.framework; path = System/Library/Frameworks/CoreLocation.framework; sourceTree = SDKROOT; };
		10022F1518F8F69200046F0B /* CoreText.framework */ = {isa = PBXFileReference; lastKnownFileType = wrapper.framework; name = CoreText.framework; path = System/Library/Frameworks/CoreText.framework; sourceTree = SDKROOT; };
		10022F1718F8F69900046F0B /* GLKit.framework */ = {isa = PBXFileReference; lastKnownFileType = wrapper.framework; name = GLKit.framework; path = System/Library/Frameworks/GLKit.framework; sourceTree = SDKROOT; };
		10022F1918F8F6A000046F0B /* ImageIO.framework */ = {isa = PBXFileReference; lastKnownFileType = wrapper.framework; name = ImageIO.framework; path = System/Library/Frameworks/ImageIO.framework; sourceTree = SDKROOT; };
		10022F1B18F8F6AC00046F0B /* libc++.dylib */ = {isa = PBXFileReference; lastKnownFileType = "compiled.mach-o.dylib"; name = "libc++.dylib"; path = "usr/lib/libc++.dylib"; sourceTree = SDKROOT; };
		10022F1D18F8F6B200046F0B /* libicucore.dylib */ = {isa = PBXFileReference; lastKnownFileType = "compiled.mach-o.dylib"; name = libicucore.dylib; path = usr/lib/libicucore.dylib; sourceTree = SDKROOT; };
		10022F1F18F8F6B900046F0B /* libz.dylib */ = {isa = PBXFileReference; lastKnownFileType = "compiled.mach-o.dylib"; name = libz.dylib; path = usr/lib/libz.dylib; sourceTree = SDKROOT; };
		10022F2118F8F6C000046F0B /* OpenGLES.framework */ = {isa = PBXFileReference; lastKnownFileType = wrapper.framework; name = OpenGLES.framework; path = System/Library/Frameworks/OpenGLES.framework; sourceTree = SDKROOT; };
		10022F2318F8F6C800046F0B /* QuartzCore.framework */ = {isa = PBXFileReference; lastKnownFileType = wrapper.framework; name = QuartzCore.framework; path = System/Library/Frameworks/QuartzCore.framework; sourceTree = SDKROOT; };
		10022F2518F8F6D200046F0B /* SystemConfiguration.framework */ = {isa = PBXFileReference; lastKnownFileType = wrapper.framework; name = SystemConfiguration.framework; path = System/Library/Frameworks/SystemConfiguration.framework; sourceTree = SDKROOT; };
		10022F2718F8F71B00046F0B /* Podfile */ = {isa = PBXFileReference; fileEncoding = 4; lastKnownFileType = text; path = Podfile; sourceTree = "<group>"; };
		10022F2918F8F7C000046F0B /* GoogleMaps.framework */ = {isa = PBXFileReference; lastKnownFileType = wrapper.framework; path = GoogleMaps.framework; sourceTree = "<group>"; };
		10022F2B18F8F7CF00046F0B /* GoogleMaps.bundle */ = {isa = PBXFileReference; lastKnownFileType = "wrapper.plug-in"; name = GoogleMaps.bundle; path = "../../../../Downloads/GoogleMaps-iOS-1.7.2/GoogleMaps.framework/Versions/A/Resources/GoogleMaps.bundle"; sourceTree = "<group>"; };
		10022F2D18F8F90500046F0B /* RCCConstants.h */ = {isa = PBXFileReference; fileEncoding = 4; lastKnownFileType = sourcecode.c.h; path = RCCConstants.h; sourceTree = "<group>"; };
		10022F2F18F8F92800046F0B /* RCCConstants.m */ = {isa = PBXFileReference; fileEncoding = 4; lastKnownFileType = sourcecode.c.objc; path = RCCConstants.m; sourceTree = "<group>"; };
		10022F3118F8FDFC00046F0B /* RCCProperty.h */ = {isa = PBXFileReference; fileEncoding = 4; lastKnownFileType = sourcecode.c.h; path = RCCProperty.h; sourceTree = "<group>"; };
		10022F3218F8FDFC00046F0B /* RCCProperty.m */ = {isa = PBXFileReference; fileEncoding = 4; lastKnownFileType = sourcecode.c.objc; path = RCCProperty.m; sourceTree = "<group>"; };
		10022F3418F8FE9800046F0B /* NSDate+ReclaimCities.h */ = {isa = PBXFileReference; fileEncoding = 4; lastKnownFileType = sourcecode.c.h; path = "NSDate+ReclaimCities.h"; sourceTree = "<group>"; };
		10022F3518F8FE9800046F0B /* NSDate+ReclaimCities.m */ = {isa = PBXFileReference; fileEncoding = 4; lastKnownFileType = sourcecode.c.objc; path = "NSDate+ReclaimCities.m"; sourceTree = "<group>"; };
		1FEE887749DC44D1B4393253 /* libPods.a */ = {isa = PBXFileReference; explicitFileType = archive.ar; includeInIndex = 0; path = libPods.a; sourceTree = BUILT_PRODUCTS_DIR; };
		555A0D0AD9054B31B5003BEE /* Pods.xcconfig */ = {isa = PBXFileReference; includeInIndex = 1; lastKnownFileType = text.xcconfig; name = Pods.xcconfig; path = Pods/Pods.xcconfig; sourceTree = "<group>"; };
/* End PBXFileReference section */

/* Begin PBXFrameworksBuildPhase section */
		10022ED118F8F40B00046F0B /* Frameworks */ = {
			isa = PBXFrameworksBuildPhase;
			buildActionMask = 2147483647;
			files = (
				10022F2618F8F6D200046F0B /* SystemConfiguration.framework in Frameworks */,
				10022F2418F8F6C800046F0B /* QuartzCore.framework in Frameworks */,
				10022F2218F8F6C000046F0B /* OpenGLES.framework in Frameworks */,
				10022F2018F8F6B900046F0B /* libz.dylib in Frameworks */,
				10022F1E18F8F6B200046F0B /* libicucore.dylib in Frameworks */,
				10022F1C18F8F6AC00046F0B /* libc++.dylib in Frameworks */,
				10022F1A18F8F6A000046F0B /* ImageIO.framework in Frameworks */,
				10022F1818F8F69900046F0B /* GLKit.framework in Frameworks */,
				10022F1618F8F69200046F0B /* CoreText.framework in Frameworks */,
				10022F1418F8F68C00046F0B /* CoreLocation.framework in Frameworks */,
				10022F1218F8F68500046F0B /* CoreData.framework in Frameworks */,
				10022F1018F8F67D00046F0B /* AVFoundation.framework in Frameworks */,
				10022EDA18F8F40B00046F0B /* CoreGraphics.framework in Frameworks */,
				10022EDC18F8F40B00046F0B /* UIKit.framework in Frameworks */,
				10022F2A18F8F7C000046F0B /* GoogleMaps.framework in Frameworks */,
				10022ED818F8F40B00046F0B /* Foundation.framework in Frameworks */,
				61010574EC0B4726B1C2224E /* libPods.a in Frameworks */,
			);
			runOnlyForDeploymentPostprocessing = 0;
		};
		10022EF518F8F40C00046F0B /* Frameworks */ = {
			isa = PBXFrameworksBuildPhase;
			buildActionMask = 2147483647;
			files = (
				10022EFA18F8F40C00046F0B /* XCTest.framework in Frameworks */,
				10022EFC18F8F40C00046F0B /* UIKit.framework in Frameworks */,
				10022EFB18F8F40C00046F0B /* Foundation.framework in Frameworks */,
			);
			runOnlyForDeploymentPostprocessing = 0;
		};
/* End PBXFrameworksBuildPhase section */

/* Begin PBXGroup section */
		10022ECB18F8F40B00046F0B = {
			isa = PBXGroup;
			children = (
				10022F2718F8F71B00046F0B /* Podfile */,
				10022EDD18F8F40B00046F0B /* ReclaimPhilly */,
				10022EFF18F8F40C00046F0B /* ReclaimPhillyTests */,
				10022ED618F8F40B00046F0B /* Frameworks */,
				10022ED518F8F40B00046F0B /* Products */,
				555A0D0AD9054B31B5003BEE /* Pods.xcconfig */,
			);
			sourceTree = "<group>";
		};
		10022ED518F8F40B00046F0B /* Products */ = {
			isa = PBXGroup;
			children = (
				10022ED418F8F40B00046F0B /* ReclaimPhilly.app */,
				10022EF818F8F40C00046F0B /* ReclaimPhillyTests.xctest */,
			);
			name = Products;
			sourceTree = "<group>";
		};
		10022ED618F8F40B00046F0B /* Frameworks */ = {
			isa = PBXGroup;
			children = (
				10022F2B18F8F7CF00046F0B /* GoogleMaps.bundle */,
				10022F2918F8F7C000046F0B /* GoogleMaps.framework */,
				10022F2518F8F6D200046F0B /* SystemConfiguration.framework */,
				10022F2318F8F6C800046F0B /* QuartzCore.framework */,
				10022F2118F8F6C000046F0B /* OpenGLES.framework */,
				10022F1F18F8F6B900046F0B /* libz.dylib */,
				10022F1D18F8F6B200046F0B /* libicucore.dylib */,
				10022F1B18F8F6AC00046F0B /* libc++.dylib */,
				10022F1918F8F6A000046F0B /* ImageIO.framework */,
				10022F1718F8F69900046F0B /* GLKit.framework */,
				10022F1518F8F69200046F0B /* CoreText.framework */,
				10022F1318F8F68C00046F0B /* CoreLocation.framework */,
				10022F1118F8F68500046F0B /* CoreData.framework */,
				10022F0F18F8F67D00046F0B /* AVFoundation.framework */,
				10022ED718F8F40B00046F0B /* Foundation.framework */,
				10022ED918F8F40B00046F0B /* CoreGraphics.framework */,
				10022EDB18F8F40B00046F0B /* UIKit.framework */,
				10022EF918F8F40C00046F0B /* XCTest.framework */,
				1FEE887749DC44D1B4393253 /* libPods.a */,
			);
			name = Frameworks;
			sourceTree = "<group>";
		};
		10022EDD18F8F40B00046F0B /* ReclaimPhilly */ = {
			isa = PBXGroup;
			children = (
				10022F3418F8FE9800046F0B /* NSDate+ReclaimCities.h */,
				10022F3518F8FE9800046F0B /* NSDate+ReclaimCities.m */,
				10022F3118F8FDFC00046F0B /* RCCProperty.h */,
				10022F3218F8FDFC00046F0B /* RCCProperty.m */,
				10022EE618F8F40B00046F0B /* RCCAppDelegate.h */,
				10022EE718F8F40B00046F0B /* RCCAppDelegate.m */,
				10022F2D18F8F90500046F0B /* RCCConstants.h */,
				10022F2F18F8F92800046F0B /* RCCConstants.m */,
				10022EE918F8F40B00046F0B /* Main.storyboard */,
				10022EEC18F8F40B00046F0B /* RCCMapViewController.h */,
				10022EED18F8F40B00046F0B /* RCCMapViewController.m */,
				10022EEF18F8F40B00046F0B /* RCCSecondViewController.h */,
				10022EF018F8F40B00046F0B /* RCCSecondViewController.m */,
				10022EF218F8F40B00046F0B /* Images.xcassets */,
				10022EDE18F8F40B00046F0B /* Supporting Files */,
			);
			path = ReclaimPhilly;
			sourceTree = "<group>";
		};
		10022EDE18F8F40B00046F0B /* Supporting Files */ = {
			isa = PBXGroup;
			children = (
				10022EDF18F8F40B00046F0B /* ReclaimPhilly-Info.plist */,
				10022EE018F8F40B00046F0B /* InfoPlist.strings */,
				10022EE318F8F40B00046F0B /* main.m */,
				10022EE518F8F40B00046F0B /* ReclaimPhilly-Prefix.pch */,
			);
			name = "Supporting Files";
			sourceTree = "<group>";
		};
		10022EFF18F8F40C00046F0B /* ReclaimPhillyTests */ = {
			isa = PBXGroup;
			children = (
				10022F0518F8F40C00046F0B /* ReclaimPhillyTests.m */,
				10022F0018F8F40C00046F0B /* Supporting Files */,
			);
			path = ReclaimPhillyTests;
			sourceTree = "<group>";
		};
		10022F0018F8F40C00046F0B /* Supporting Files */ = {
			isa = PBXGroup;
			children = (
				10022F0118F8F40C00046F0B /* ReclaimPhillyTests-Info.plist */,
				10022F0218F8F40C00046F0B /* InfoPlist.strings */,
			);
			name = "Supporting Files";
			sourceTree = "<group>";
		};
/* End PBXGroup section */

/* Begin PBXNativeTarget section */
		10022ED318F8F40B00046F0B /* ReclaimPhilly */ = {
			isa = PBXNativeTarget;
			buildConfigurationList = 10022F0918F8F40C00046F0B /* Build configuration list for PBXNativeTarget "ReclaimPhilly" */;
			buildPhases = (
				E8569FF8487041F2B1FC2880 /* Check Pods Manifest.lock */,
				10022ED018F8F40B00046F0B /* Sources */,
				10022ED118F8F40B00046F0B /* Frameworks */,
				10022ED218F8F40B00046F0B /* Resources */,
				022686A561A04C2CAE3EF679 /* Copy Pods Resources */,
			);
			buildRules = (
			);
			dependencies = (
			);
			name = ReclaimPhilly;
			productName = ReclaimPhilly;
			productReference = 10022ED418F8F40B00046F0B /* ReclaimPhilly.app */;
			productType = "com.apple.product-type.application";
		};
		10022EF718F8F40C00046F0B /* ReclaimPhillyTests */ = {
			isa = PBXNativeTarget;
			buildConfigurationList = 10022F0C18F8F40C00046F0B /* Build configuration list for PBXNativeTarget "ReclaimPhillyTests" */;
			buildPhases = (
				10022EF418F8F40C00046F0B /* Sources */,
				10022EF518F8F40C00046F0B /* Frameworks */,
				10022EF618F8F40C00046F0B /* Resources */,
			);
			buildRules = (
			);
			dependencies = (
				10022EFE18F8F40C00046F0B /* PBXTargetDependency */,
			);
			name = ReclaimPhillyTests;
			productName = ReclaimPhillyTests;
			productReference = 10022EF818F8F40C00046F0B /* ReclaimPhillyTests.xctest */;
			productType = "com.apple.product-type.bundle.unit-test";
		};
/* End PBXNativeTarget section */

/* Begin PBXProject section */
		10022ECC18F8F40B00046F0B /* Project object */ = {
			isa = PBXProject;
			attributes = {
				CLASSPREFIX = RCC;
				LastUpgradeCheck = 0510;
				ORGANIZATIONNAME = ReclaimCities;
				TargetAttributes = {
					10022EF718F8F40C00046F0B = {
						TestTargetID = 10022ED318F8F40B00046F0B;
					};
				};
			};
			buildConfigurationList = 10022ECF18F8F40B00046F0B /* Build configuration list for PBXProject "ReclaimPhilly" */;
			compatibilityVersion = "Xcode 3.2";
			developmentRegion = English;
			hasScannedForEncodings = 0;
			knownRegions = (
				en,
				Base,
			);
			mainGroup = 10022ECB18F8F40B00046F0B;
			productRefGroup = 10022ED518F8F40B00046F0B /* Products */;
			projectDirPath = "";
			projectRoot = "";
			targets = (
				10022ED318F8F40B00046F0B /* ReclaimPhilly */,
				10022EF718F8F40C00046F0B /* ReclaimPhillyTests */,
			);
		};
/* End PBXProject section */

/* Begin PBXResourcesBuildPhase section */
		10022ED218F8F40B00046F0B /* Resources */ = {
			isa = PBXResourcesBuildPhase;
			buildActionMask = 2147483647;
			files = (
				10022EF318F8F40B00046F0B /* Images.xcassets in Resources */,
				10022EE218F8F40B00046F0B /* InfoPlist.strings in Resources */,
				10022F2818F8F71B00046F0B /* Podfile in Resources */,
				10022F2E18F8F90500046F0B /* RCCConstants.h in Resources */,
				10022EEB18F8F40B00046F0B /* Main.storyboard in Resources */,
				10022F2C18F8F7CF00046F0B /* GoogleMaps.bundle in Resources */,
			);
			runOnlyForDeploymentPostprocessing = 0;
		};
		10022EF618F8F40C00046F0B /* Resources */ = {
			isa = PBXResourcesBuildPhase;
			buildActionMask = 2147483647;
			files = (
				10022F0418F8F40C00046F0B /* InfoPlist.strings in Resources */,
			);
			runOnlyForDeploymentPostprocessing = 0;
		};
/* End PBXResourcesBuildPhase section */

/* Begin PBXShellScriptBuildPhase section */
		022686A561A04C2CAE3EF679 /* Copy Pods Resources */ = {
			isa = PBXShellScriptBuildPhase;
			buildActionMask = 2147483647;
			files = (
			);
			inputPaths = (
			);
			name = "Copy Pods Resources";
			outputPaths = (
			);
			runOnlyForDeploymentPostprocessing = 0;
			shellPath = /bin/sh;
			shellScript = "\"${SRCROOT}/Pods/Pods-resources.sh\"\n";
			showEnvVarsInLog = 0;
		};
		E8569FF8487041F2B1FC2880 /* Check Pods Manifest.lock */ = {
			isa = PBXShellScriptBuildPhase;
			buildActionMask = 2147483647;
			files = (
			);
			inputPaths = (
			);
			name = "Check Pods Manifest.lock";
			outputPaths = (
			);
			runOnlyForDeploymentPostprocessing = 0;
			shellPath = /bin/sh;
			shellScript = "diff \"${PODS_ROOT}/../Podfile.lock\" \"${PODS_ROOT}/Manifest.lock\" > /dev/null\nif [[ $? != 0 ]] ; then\n    cat << EOM\nerror: The sandbox is not in sync with the Podfile.lock. Run 'pod install' or update your CocoaPods installation.\nEOM\n    exit 1\nfi\n";
			showEnvVarsInLog = 0;
		};
/* End PBXShellScriptBuildPhase section */

/* Begin PBXSourcesBuildPhase section */
		10022ED018F8F40B00046F0B /* Sources */ = {
			isa = PBXSourcesBuildPhase;
			buildActionMask = 2147483647;
			files = (
				10022F3618F8FE9800046F0B /* NSDate+ReclaimCities.m in Sources */,
				10022F3318F8FDFC00046F0B /* RCCProperty.m in Sources */,
				10022EE418F8F40B00046F0B /* main.m in Sources */,
				10022EEE18F8F40B00046F0B /* RCCMapViewController.m in Sources */,
				10022EE818F8F40B00046F0B /* RCCAppDelegate.m in Sources */,
				10022EF118F8F40B00046F0B /* RCCSecondViewController.m in Sources */,
				10022F3018F8F92800046F0B /* RCCConstants.m in Sources */,
			);
			runOnlyForDeploymentPostprocessing = 0;
		};
		10022EF418F8F40C00046F0B /* Sources */ = {
			isa = PBXSourcesBuildPhase;
			buildActionMask = 2147483647;
			files = (
				10022F0618F8F40C00046F0B /* ReclaimPhillyTests.m in Sources */,
			);
			runOnlyForDeploymentPostprocessing = 0;
		};
/* End PBXSourcesBuildPhase section */

/* Begin PBXTargetDependency section */
		10022EFE18F8F40C00046F0B /* PBXTargetDependency */ = {
			isa = PBXTargetDependency;
			target = 10022ED318F8F40B00046F0B /* ReclaimPhilly */;
			targetProxy = 10022EFD18F8F40C00046F0B /* PBXContainerItemProxy */;
		};
/* End PBXTargetDependency section */

/* Begin PBXVariantGroup section */
		10022EE018F8F40B00046F0B /* InfoPlist.strings */ = {
			isa = PBXVariantGroup;
			children = (
				10022EE118F8F40B00046F0B /* en */,
			);
			name = InfoPlist.strings;
			sourceTree = "<group>";
		};
		10022EE918F8F40B00046F0B /* Main.storyboard */ = {
			isa = PBXVariantGroup;
			children = (
				10022EEA18F8F40B00046F0B /* Base */,
			);
			name = Main.storyboard;
			sourceTree = "<group>";
		};
		10022F0218F8F40C00046F0B /* InfoPlist.strings */ = {
			isa = PBXVariantGroup;
			children = (
				10022F0318F8F40C00046F0B /* en */,
			);
			name = InfoPlist.strings;
			sourceTree = "<group>";
		};
/* End PBXVariantGroup section */

/* Begin XCBuildConfiguration section */
		10022F0718F8F40C00046F0B /* Debug */ = {
			isa = XCBuildConfiguration;
			buildSettings = {
				ALWAYS_SEARCH_USER_PATHS = NO;
				CLANG_CXX_LANGUAGE_STANDARD = "gnu++0x";
				CLANG_CXX_LIBRARY = "libc++";
				CLANG_ENABLE_MODULES = YES;
				CLANG_ENABLE_OBJC_ARC = YES;
				CLANG_WARN_BOOL_CONVERSION = YES;
				CLANG_WARN_CONSTANT_CONVERSION = YES;
				CLANG_WARN_DIRECT_OBJC_ISA_USAGE = YES_ERROR;
				CLANG_WARN_EMPTY_BODY = YES;
				CLANG_WARN_ENUM_CONVERSION = YES;
				CLANG_WARN_INT_CONVERSION = YES;
				CLANG_WARN_OBJC_ROOT_CLASS = YES_ERROR;
				CLANG_WARN__DUPLICATE_METHOD_MATCH = YES;
				"CODE_SIGN_IDENTITY[sdk=iphoneos*]" = "iPhone Developer";
				COPY_PHASE_STRIP = NO;
				GCC_C_LANGUAGE_STANDARD = gnu99;
				GCC_DYNAMIC_NO_PIC = NO;
				GCC_OPTIMIZATION_LEVEL = 0;
				GCC_PREPROCESSOR_DEFINITIONS = (
					"DEBUG=1",
					"$(inherited)",
				);
				GCC_SYMBOLS_PRIVATE_EXTERN = NO;
				GCC_WARN_64_TO_32_BIT_CONVERSION = YES;
				GCC_WARN_ABOUT_RETURN_TYPE = YES_ERROR;
				GCC_WARN_UNDECLARED_SELECTOR = YES;
				GCC_WARN_UNINITIALIZED_AUTOS = YES_AGGRESSIVE;
				GCC_WARN_UNUSED_FUNCTION = YES;
				GCC_WARN_UNUSED_VARIABLE = YES;
				IPHONEOS_DEPLOYMENT_TARGET = 7.1;
				ONLY_ACTIVE_ARCH = YES;
				SDKROOT = iphoneos;
			};
			name = Debug;
		};
		10022F0818F8F40C00046F0B /* Release */ = {
			isa = XCBuildConfiguration;
			buildSettings = {
				ALWAYS_SEARCH_USER_PATHS = NO;
				CLANG_CXX_LANGUAGE_STANDARD = "gnu++0x";
				CLANG_CXX_LIBRARY = "libc++";
				CLANG_ENABLE_MODULES = YES;
				CLANG_ENABLE_OBJC_ARC = YES;
				CLANG_WARN_BOOL_CONVERSION = YES;
				CLANG_WARN_CONSTANT_CONVERSION = YES;
				CLANG_WARN_DIRECT_OBJC_ISA_USAGE = YES_ERROR;
				CLANG_WARN_EMPTY_BODY = YES;
				CLANG_WARN_ENUM_CONVERSION = YES;
				CLANG_WARN_INT_CONVERSION = YES;
				CLANG_WARN_OBJC_ROOT_CLASS = YES_ERROR;
				CLANG_WARN__DUPLICATE_METHOD_MATCH = YES;
				"CODE_SIGN_IDENTITY[sdk=iphoneos*]" = "iPhone Developer";
				COPY_PHASE_STRIP = YES;
				ENABLE_NS_ASSERTIONS = NO;
				GCC_C_LANGUAGE_STANDARD = gnu99;
				GCC_WARN_64_TO_32_BIT_CONVERSION = YES;
				GCC_WARN_ABOUT_RETURN_TYPE = YES_ERROR;
				GCC_WARN_UNDECLARED_SELECTOR = YES;
				GCC_WARN_UNINITIALIZED_AUTOS = YES_AGGRESSIVE;
				GCC_WARN_UNUSED_FUNCTION = YES;
				GCC_WARN_UNUSED_VARIABLE = YES;
				IPHONEOS_DEPLOYMENT_TARGET = 7.1;
				SDKROOT = iphoneos;
				VALIDATE_PRODUCT = YES;
			};
			name = Release;
		};
		10022F0A18F8F40C00046F0B /* Debug */ = {
			isa = XCBuildConfiguration;
			baseConfigurationReference = 555A0D0AD9054B31B5003BEE /* Pods.xcconfig */;
			buildSettings = {
				ASSETCATALOG_COMPILER_APPICON_NAME = AppIcon;
				ASSETCATALOG_COMPILER_LAUNCHIMAGE_NAME = LaunchImage;
				CODE_SIGN_IDENTITY = "iPhone Developer";
				FRAMEWORK_SEARCH_PATHS = (
					"$(inherited)",
					"$(PROJECT_DIR)",
				);
				GCC_PRECOMPILE_PREFIX_HEADER = YES;
				GCC_PREFIX_HEADER = "ReclaimPhilly/ReclaimPhilly-Prefix.pch";
				INFOPLIST_FILE = "ReclaimPhilly/ReclaimPhilly-Info.plist";
				IPHONEOS_DEPLOYMENT_TARGET = 7.0;
				PRODUCT_NAME = "$(TARGET_NAME)";
				WRAPPER_EXTENSION = app;
			};
			name = Debug;
		};
		10022F0B18F8F40C00046F0B /* Release */ = {
			isa = XCBuildConfiguration;
			baseConfigurationReference = 555A0D0AD9054B31B5003BEE /* Pods.xcconfig */;
			buildSettings = {
				ASSETCATALOG_COMPILER_APPICON_NAME = AppIcon;
				ASSETCATALOG_COMPILER_LAUNCHIMAGE_NAME = LaunchImage;
				CODE_SIGN_IDENTITY = "iPhone Distribution: Joseph Francia (9W2FYPALKW)";
				FRAMEWORK_SEARCH_PATHS = (
					"$(inherited)",
					"$(PROJECT_DIR)",
				);
				GCC_PRECOMPILE_PREFIX_HEADER = YES;
				GCC_PREFIX_HEADER = "ReclaimPhilly/ReclaimPhilly-Prefix.pch";
				INFOPLIST_FILE = "ReclaimPhilly/ReclaimPhilly-Info.plist";
				IPHONEOS_DEPLOYMENT_TARGET = 7.0;
				PRODUCT_NAME = "$(TARGET_NAME)";
				WRAPPER_EXTENSION = app;
			};
			name = Release;
		};
		10022F0D18F8F40C00046F0B /* Debug */ = {
			isa = XCBuildConfiguration;
			buildSettings = {
				BUNDLE_LOADER = "$(BUILT_PRODUCTS_DIR)/ReclaimPhilly.app/ReclaimPhilly";
				FRAMEWORK_SEARCH_PATHS = (
					"$(SDKROOT)/Developer/Library/Frameworks",
					"$(inherited)",
					"$(DEVELOPER_FRAMEWORKS_DIR)",
				);
				GCC_PRECOMPILE_PREFIX_HEADER = YES;
				GCC_PREFIX_HEADER = "ReclaimPhilly/ReclaimPhilly-Prefix.pch";
				GCC_PREPROCESSOR_DEFINITIONS = (
					"DEBUG=1",
					"$(inherited)",
				);
				INFOPLIST_FILE = "ReclaimPhillyTests/ReclaimPhillyTests-Info.plist";
				PRODUCT_NAME = "$(TARGET_NAME)";
				TEST_HOST = "$(BUNDLE_LOADER)";
				WRAPPER_EXTENSION = xctest;
			};
			name = Debug;
		};
		10022F0E18F8F40C00046F0B /* Release */ = {
			isa = XCBuildConfiguration;
			buildSettings = {
				BUNDLE_LOADER = "$(BUILT_PRODUCTS_DIR)/ReclaimPhilly.app/ReclaimPhilly";
				FRAMEWORK_SEARCH_PATHS = (
					"$(SDKROOT)/Developer/Library/Frameworks",
					"$(inherited)",
					"$(DEVELOPER_FRAMEWORKS_DIR)",
				);
				GCC_PRECOMPILE_PREFIX_HEADER = YES;
				GCC_PREFIX_HEADER = "ReclaimPhilly/ReclaimPhilly-Prefix.pch";
				INFOPLIST_FILE = "ReclaimPhillyTests/ReclaimPhillyTests-Info.plist";
				PRODUCT_NAME = "$(TARGET_NAME)";
				TEST_HOST = "$(BUNDLE_LOADER)";
				WRAPPER_EXTENSION = xctest;
			};
			name = Release;
		};
/* End XCBuildConfiguration section */

/* Begin XCConfigurationList section */
		10022ECF18F8F40B00046F0B /* Build configuration list for PBXProject "ReclaimPhilly" */ = {
			isa = XCConfigurationList;
			buildConfigurations = (
				10022F0718F8F40C00046F0B /* Debug */,
				10022F0818F8F40C00046F0B /* Release */,
			);
			defaultConfigurationIsVisible = 0;
			defaultConfigurationName = Release;
		};
		10022F0918F8F40C00046F0B /* Build configuration list for PBXNativeTarget "ReclaimPhilly" */ = {
			isa = XCConfigurationList;
			buildConfigurations = (
				10022F0A18F8F40C00046F0B /* Debug */,
				10022F0B18F8F40C00046F0B /* Release */,
			);
			defaultConfigurationIsVisible = 0;
			defaultConfigurationName = Release;
		};
		10022F0C18F8F40C00046F0B /* Build configuration list for PBXNativeTarget "ReclaimPhillyTests" */ = {
			isa = XCConfigurationList;
			buildConfigurations = (
				10022F0D18F8F40C00046F0B /* Debug */,
				10022F0E18F8F40C00046F0B /* Release */,
			);
			defaultConfigurationIsVisible = 0;
			defaultConfigurationName = Release;
		};
/* End XCConfigurationList section */
	};
	rootObject = 10022ECC18F8F40B00046F0B /* Project object */;
}
